PODS:
  - Mantle (2.1.0):
    - Mantle/extobjc (= 2.1.0)
  - Mantle/extobjc (2.1.0)
  - Ono (1.2.2)
  - RSSAtomKit (0.1.1):
    - Mantle (~> 2.0)
    - Ono (~> 1.2)

DEPENDENCIES:
  - RSSAtomKit (from `https://github.com/chrisballinger/RSSAtomKit.git`)

EXTERNAL SOURCES:
  RSSAtomKit:
    :git: https://github.com/chrisballinger/RSSAtomKit.git

CHECKOUT OPTIONS:
  RSSAtomKit:
    :commit: 0a65fd9a57ef51dafaaeb6d695c8ff9153f0508a
    :git: https://github.com/chrisballinger/RSSAtomKit.git

SPEC CHECKSUMS:
  Mantle: 2fa750afa478cd625a94230fbf1c13462f29395b
  Ono: 80b1c686777d3f6d5d5ce6fcac8a74afef4ca197
  RSSAtomKit: 4c57701c961e044555e793283455b39e44ceeb9f

PODFILE CHECKSUM: 0c059c6df7e1d0fa3ab060c6807d6d51a173d47a

COCOAPODS: 1.2.0
